
Microsoft Visual Studio Solution File, Format Version 12.00
# Visual Studio 2013
VisualStudioVersion = 12.0.30723.0
MinimumVisualStudioVersion = 10.0.40219.1
Project("{FAE04EC0-301F-11D3-BF4B-00C04F79EFBC}") = "01_MultiplesOf3And5", "MultiplesOf3And5\01_MultiplesOf3And5.csproj", "{2BBF8D55-7783-431C-BF89-78322415D356}"
EndProject
Project("{FAE04EC0-301F-11D3-BF4B-00C04F79EFBC}") = "03_LargestPrimeFactor", "LargestPrimeFactor\03_LargestPrimeFactor.csproj", "{C433F54B-5853-4022-95E4-FA9C52BA47EB}"
EndProject
Project("{FAE04EC0-301F-11D3-BF4B-00C04F79EFBC}") = "02_EvenFibonacciNumbers", "EvenFibonacciNumbers\02_EvenFibonacciNumbers.csproj", "{07F34EF2-2EB8-4B0E-BC68-39A46213BC80}"
EndProject
Project("{FAE04EC0-301F-11D3-BF4B-00C04F79EFBC}") = "04_LargestPalindromeProduct", "LargestPalindromeProduct\04_LargestPalindromeProduct.csproj", "{117B272B-5C2A-4A96-B2C7-7CC4EAE03830}"
EndProject
Project("{FAE04EC0-301F-11D3-BF4B-00C04F79EFBC}") = "05_SmallestMultiple", "SmallestMultiple\05_SmallestMultiple.csproj", "{E401FBFA-CCE8-478B-AFFF-6FBB6660644B}"
EndProject
Project("{FAE04EC0-301F-11D3-BF4B-00C04F79EFBC}") = "06_SumSquareDifference", "SumSquareDifference\06_SumSquareDifference.csproj", "{67B56791-B0AB-4BDA-A8D3-DEE2458079EB}"
EndProject
Project("{FAE04EC0-301F-11D3-BF4B-00C04F79EFBC}") = "07_10001stPrime", "07_10001stPrime\07_10001stPrime.csproj", "{3C9C415C-121D-4FB2-A5B3-874BAAF72097}"
EndProject
Project("{FAE04EC0-301F-11D3-BF4B-00C04F79EFBC}") = "08_LargestProductInSeires", "08_LargestProductInSeires\08_LargestProductInSeires.csproj", "{22EAE1C1-A1CA-4444-A14D-BFC0FB51767C}"
EndProject
Project("{FAE04EC0-301F-11D3-BF4B-00C04F79EFBC}") = "09_SpecialPythagoreanTriplet", "09_SpecialPythagoreanTriplet\09_SpecialPythagoreanTriplet.csproj", "{29F4585F-D371-4162-8CFF-84FE7B487467}"
EndProject
Project("{FAE04EC0-301F-11D3-BF4B-00C04F79EFBC}") = "10_SummationOfPrimes", "10_SummationOfPrimes\10_SummationOfPrimes.csproj", "{77AA94B9-D61C-4ABF-9B7C-B64CD227FD18}"
EndProject
Project("{FAE04EC0-301F-11D3-BF4B-00C04F79EFBC}") = "11_LargestProductInGrid", "11_LargestProductInGrid\11_LargestProductInGrid.csproj", "{457D4020-AC77-47DC-9B70-93548F05A4BD}"
EndProject
Project("{FAE04EC0-301F-11D3-BF4B-00C04F79EFBC}") = "12_DivisibleTriangularNumber", "12_DivisibleTriangularNumber\12_DivisibleTriangularNumber.csproj", "{0F20CFF2-831A-4569-BB7E-71609E794EE7}"
EndProject
Global
	GlobalSection(SolutionConfigurationPlatforms) = preSolution
		Debug|Any CPU = Debug|Any CPU
		Release|Any CPU = Release|Any CPU
	EndGlobalSection
	GlobalSection(ProjectConfigurationPlatforms) = postSolution
		{2BBF8D55-7783-431C-BF89-78322415D356}.Debug|Any CPU.ActiveCfg = Debug|Any CPU
		{2BBF8D55-7783-431C-BF89-78322415D356}.Debug|Any CPU.Build.0 = Debug|Any CPU
		{2BBF8D55-7783-431C-BF89-78322415D356}.Release|Any CPU.ActiveCfg = Release|Any CPU
		{2BBF8D55-7783-431C-BF89-78322415D356}.Release|Any CPU.Build.0 = Release|Any CPU
		{C433F54B-5853-4022-95E4-FA9C52BA47EB}.Debug|Any CPU.ActiveCfg = Debug|Any CPU
		{C433F54B-5853-4022-95E4-FA9C52BA47EB}.Debug|Any CPU.Build.0 = Debug|Any CPU
		{C433F54B-5853-4022-95E4-FA9C52BA47EB}.Release|Any CPU.ActiveCfg = Release|Any CPU
		{C433F54B-5853-4022-95E4-FA9C52BA47EB}.Release|Any CPU.Build.0 = Release|Any CPU
		{07F34EF2-2EB8-4B0E-BC68-39A46213BC80}.Debug|Any CPU.ActiveCfg = Debug|Any CPU
		{07F34EF2-2EB8-4B0E-BC68-39A46213BC80}.Debug|Any CPU.Build.0 = Debug|Any CPU
		{07F34EF2-2EB8-4B0E-BC68-39A46213BC80}.Release|Any CPU.ActiveCfg = Release|Any CPU
		{07F34EF2-2EB8-4B0E-BC68-39A46213BC80}.Release|Any CPU.Build.0 = Release|Any CPU
		{117B272B-5C2A-4A96-B2C7-7CC4EAE03830}.Debug|Any CPU.ActiveCfg = Debug|Any CPU
		{117B272B-5C2A-4A96-B2C7-7CC4EAE03830}.Debug|Any CPU.Build.0 = Debug|Any CPU
		{117B272B-5C2A-4A96-B2C7-7CC4EAE03830}.Release|Any CPU.ActiveCfg = Release|Any CPU
		{117B272B-5C2A-4A96-B2C7-7CC4EAE03830}.Release|Any CPU.Build.0 = Release|Any CPU
		{E401FBFA-CCE8-478B-AFFF-6FBB6660644B}.Debug|Any CPU.ActiveCfg = Debug|Any CPU
		{E401FBFA-CCE8-478B-AFFF-6FBB6660644B}.Debug|Any CPU.Build.0 = Debug|Any CPU
		{E401FBFA-CCE8-478B-AFFF-6FBB6660644B}.Release|Any CPU.ActiveCfg = Release|Any CPU
		{E401FBFA-CCE8-478B-AFFF-6FBB6660644B}.Release|Any CPU.Build.0 = Release|Any CPU
		{67B56791-B0AB-4BDA-A8D3-DEE2458079EB}.Debug|Any CPU.ActiveCfg = Debug|Any CPU
		{67B56791-B0AB-4BDA-A8D3-DEE2458079EB}.Debug|Any CPU.Build.0 = Debug|Any CPU
		{67B56791-B0AB-4BDA-A8D3-DEE2458079EB}.Release|Any CPU.ActiveCfg = Release|Any CPU
		{67B56791-B0AB-4BDA-A8D3-DEE2458079EB}.Release|Any CPU.Build.0 = Release|Any CPU
		{3C9C415C-121D-4FB2-A5B3-874BAAF72097}.Debug|Any CPU.ActiveCfg = Debug|Any CPU
		{3C9C415C-121D-4FB2-A5B3-874BAAF72097}.Debug|Any CPU.Build.0 = Debug|Any CPU
		{3C9C415C-121D-4FB2-A5B3-874BAAF72097}.Release|Any CPU.ActiveCfg = Release|Any CPU
		{3C9C415C-121D-4FB2-A5B3-874BAAF72097}.Release|Any CPU.Build.0 = Release|Any CPU
		{22EAE1C1-A1CA-4444-A14D-BFC0FB51767C}.Debug|Any CPU.ActiveCfg = Debug|Any CPU
		{22EAE1C1-A1CA-4444-A14D-BFC0FB51767C}.Debug|Any CPU.Build.0 = Debug|Any CPU
		{22EAE1C1-A1CA-4444-A14D-BFC0FB51767C}.Release|Any CPU.ActiveCfg = Release|Any CPU
		{22EAE1C1-A1CA-4444-A14D-BFC0FB51767C}.Release|Any CPU.Build.0 = Release|Any CPU
		{29F4585F-D371-4162-8CFF-84FE7B487467}.Debug|Any CPU.ActiveCfg = Debug|Any CPU
		{29F4585F-D371-4162-8CFF-84FE7B487467}.Debug|Any CPU.Build.0 = Debug|Any CPU
		{29F4585F-D371-4162-8CFF-84FE7B487467}.Release|Any CPU.ActiveCfg = Release|Any CPU
		{29F4585F-D371-4162-8CFF-84FE7B487467}.Release|Any CPU.Build.0 = Release|Any CPU
		{77AA94B9-D61C-4ABF-9B7C-B64CD227FD18}.Debug|Any CPU.ActiveCfg = Debug|Any CPU
		{77AA94B9-D61C-4ABF-9B7C-B64CD227FD18}.Debug|Any CPU.Build.0 = Debug|Any CPU
		{77AA94B9-D61C-4ABF-9B7C-B64CD227FD18}.Release|Any CPU.ActiveCfg = Release|Any CPU
		{77AA94B9-D61C-4ABF-9B7C-B64CD227FD18}.Release|Any CPU.Build.0 = Release|Any CPU
		{457D4020-AC77-47DC-9B70-93548F05A4BD}.Debug|Any CPU.ActiveCfg = Debug|Any CPU
		{457D4020-AC77-47DC-9B70-93548F05A4BD}.Debug|Any CPU.Build.0 = Debug|Any CPU
		{457D4020-AC77-47DC-9B70-93548F05A4BD}.Release|Any CPU.ActiveCfg = Release|Any CPU
		{457D4020-AC77-47DC-9B70-93548F05A4BD}.Release|Any CPU.Build.0 = Release|Any CPU
		{0F20CFF2-831A-4569-BB7E-71609E794EE7}.Debug|Any CPU.ActiveCfg = Debug|Any CPU
		{0F20CFF2-831A-4569-BB7E-71609E794EE7}.Debug|Any CPU.Build.0 = Debug|Any CPU
		{0F20CFF2-831A-4569-BB7E-71609E794EE7}.Release|Any CPU.ActiveCfg = Release|Any CPU
		{0F20CFF2-831A-4569-BB7E-71609E794EE7}.Release|Any CPU.Build.0 = Release|Any CPU
	EndGlobalSection
	GlobalSection(SolutionProperties) = preSolution
		HideSolutionNode = FALSE
	EndGlobalSection
EndGlobal
